
Microsoft Visual Studio Solution File, Format Version 12.00
# Visual Studio Version 17
VisualStudioVersion = 17.4.33122.133
MinimumVisualStudioVersion = 10.0.40219.1
Project("{9A19103F-16F7-4668-BE54-9A1E7A4F7556}") = "rihibus", "rihibus.csproj", "{806991D2-1244-474B-BAFA-5562AAD84940}"
EndProject
Global
	GlobalSection(SolutionConfigurationPlatforms) = preSolution
		Debug|Any CPU = Debug|Any CPU
		Release|Any CPU = Release|Any CPU
	EndGlobalSection
	GlobalSection(ProjectConfigurationPlatforms) = postSolution
		{806991D2-1244-474B-BAFA-5562AAD84940}.Debug|Any CPU.ActiveCfg = Debug|Any CPU
		{806991D2-1244-474B-BAFA-5562AAD84940}.Debug|Any CPU.Build.0 = Debug|Any CPU
		{806991D2-1244-474B-BAFA-5562AAD84940}.Release|Any CPU.ActiveCfg = Release|Any CPU
		{806991D2-1244-474B-BAFA-5562AAD84940}.Release|Any CPU.Build.0 = Release|Any CPU
	EndGlobalSection
	GlobalSection(SolutionProperties) = preSolution
		HideSolutionNode = FALSE
	EndGlobalSection
	GlobalSection(ExtensibilityGlobals) = postSolution
		SolutionGuid = {BE67C5CE-1961-47B4-A253-BA0A4C60AEC0}
	EndGlobalSection
EndGlobal
